<?xml version="1.0" encoding="UTF-8" standalone="yes" ?>
<CodeBlocks_project_file>
	<FileVersion major="1" minor="6" />
	<Project>
		<Option title="GameEngineTutorial" />
		<Option pch_mode="2" />
		<Option compiler="gcc" />
		<Build>
			<Target title="Debug">
				<Option output="bin/Debug/GameEngineTutorial" prefix_auto="1" extension_auto="1" />
				<Option object_output="obj/Debug/" />
				<Option type="1" />
				<Option compiler="gcc" />
				<Compiler>
					<Add option="-g" />
					<Add directory="Core" />
					<Add directory="Graphics" />
				</Compiler>
			</Target>
			<Target title="Release">
				<Option output="bin/Release/GameEngineTutorial" prefix_auto="1" extension_auto="1" />
				<Option object_output="obj/Release/" />
				<Option type="1" />
				<Option compiler="gcc" />
				<Compiler>
					<Add option="-O2" />
					<Add directory="Core" />
					<Add directory="Graphics" />
				</Compiler>
				<Linker>
					<Add option="-s" />
				</Linker>
			</Target>
		</Build>
		<Compiler>
			<Add option="-Wall" />
		</Compiler>
		<Linker>
			<Add option="-lSDL2" />
			<Add option="-lSDL2_image" />
		</Linker>
		<Unit filename="Core/Engine.cpp" />
		<Unit filename="Core/Engine.h" />
		<Unit filename="Graphics/TextureManager.cpp" />
		<Unit filename="Graphics/TextureManager.h" />
		<Unit filename="main.cpp" />
		<Extensions />
	</Project>
</CodeBlocks_project_file>
